{
  "name": "NgrokMcServerScanner",
  "lockfileVersion": 2,
  "requires": true,
  "packages": {
    "": {
      "dependencies": {
        "minestat": "^1.0.3"
      }
    },
    "node_modules/minestat": {
      "version": "1.0.3",
      "resolved": "https://registry.npmjs.org/minestat/-/minestat-1.0.3.tgz",
      "integrity": "sha512-sXPl4x76D0/NqTnAeiJs+nE71DnNK09AMHMhsl91rsq7/K05+Ku7XOZmPAL32d2Wo+iUX8hvxGXW85cgjpx4Ew=="
    }
  },
  "dependencies": {
    "minestat": {
      "version": "1.0.3",
      "resolved": "https://registry.npmjs.org/minestat/-/minestat-1.0.3.tgz",
      "integrity": "sha512-sXPl4x76D0/NqTnAeiJs+nE71DnNK09AMHMhsl91rsq7/K05+Ku7XOZmPAL32d2Wo+iUX8hvxGXW85cgjpx4Ew=="
    }
  }
}
